
Microsoft Visual Studio Solution File, Format Version 12.00
# Visual Studio Version 17
VisualStudioVersion = 17.5.002.0
MinimumVisualStudioVersion = 10.0.40219.1
Project("{2150E333-8FDC-42A3-9474-1A3956D46DE8}") = "sas", "sas", "{93973C3A-8DDF-4675-B4D2-9CFB3FFE74FB}"
EndProject
Project("{9A19103F-16F7-4668-BE54-9A1E7A4F7556}") = "GoodHabits.Database", "sas\GoodHabits.Database\GoodHabits.Database.csproj", "{D5AAFFD3-DE29-4CDE-A33D-820A5E658BC0}"
EndProject
Global
	GlobalSection(SolutionConfigurationPlatforms) = preSolution
		Debug|Any CPU = Debug|Any CPU
		Release|Any CPU = Release|Any CPU
	EndGlobalSection
	GlobalSection(ProjectConfigurationPlatforms) = postSolution
		{D5AAFFD3-DE29-4CDE-A33D-820A5E658BC0}.Debug|Any CPU.ActiveCfg = Debug|Any CPU
		{D5AAFFD3-DE29-4CDE-A33D-820A5E658BC0}.Debug|Any CPU.Build.0 = Debug|Any CPU
		{D5AAFFD3-DE29-4CDE-A33D-820A5E658BC0}.Release|Any CPU.ActiveCfg = Release|Any CPU
		{D5AAFFD3-DE29-4CDE-A33D-820A5E658BC0}.Release|Any CPU.Build.0 = Release|Any CPU
	EndGlobalSection
	GlobalSection(SolutionProperties) = preSolution
		HideSolutionNode = FALSE
	EndGlobalSection
	GlobalSection(NestedProjects) = preSolution
		{D5AAFFD3-DE29-4CDE-A33D-820A5E658BC0} = {93973C3A-8DDF-4675-B4D2-9CFB3FFE74FB}
	EndGlobalSection
	GlobalSection(ExtensibilityGlobals) = postSolution
		SolutionGuid = {C6F2B4D1-37CC-4613-8BEE-E5CB9DE41E5B}
	EndGlobalSection
EndGlobal
